{
  "name": "oocp-test-suite",
  "version": "0.1.0",
  "lockfileVersion": 3,
  "requires": true,
  "packages": {
    "": {
      "name": "oocp-test-suite",
      "version": "0.1.0",
      "dependencies": {
        "@oclive/oocp-client": "file:../../tools/oocp-client"
      }
    },
    "../../tools/oocp-client": {
      "name": "@oclive/oocp-client",
      "version": "0.1.0",
      "dependencies": {
        "ws": "^8.18.0"
      },
      "devDependencies": {
        "@types/ws": "^8.5.13",
        "tsx": "^4.19.2",
        "typescript": "^5.7.2"
      }
    },
    "node_modules/@oclive/oocp-client": {
      "resolved": "../../tools/oocp-client",
      "link": true
    }
  }
}
